// !$*UTF8*$!
{
	archiveVersion = 1;
	classes = {
	};
	objectVersion = 46;
	objects = {

/* Begin PBXBuildFile section */
		7EA6DE451BF433C300E77F40 /* README.rtfd in Resources */ = {isa = PBXBuildFile; fileRef = 7EA6DE441BF433C300E77F40 /* README.rtfd */; };
		7EF9750D156F10B60020D400 /* Cocoa.framework in Frameworks */ = {isa = PBXBuildFile; fileRef = 7EF9750C156F10B60020D400 /* Cocoa.framework */; };
		7EF97517156F10B60020D400 /* InfoPlist.strings in Resources */ = {isa = PBXBuildFile; fileRef = 7EF97515156F10B60020D400 /* InfoPlist.strings */; };
		7EF97519156F10B60020D400 /* main.m in Sources */ = {isa = PBXBuildFile; fileRef = 7EF97518156F10B60020D400 /* main.m */; };
		7EF9751D156F10B60020D400 /* Credits.rtf in Resources */ = {isa = PBXBuildFile; fileRef = 7EF9751B156F10B60020D400 /* Credits.rtf */; };
		7EF97520156F10B60020D400 /* OTAppDelegate.m in Sources */ = {isa = PBXBuildFile; fileRef = 7EF9751F156F10B60020D400 /* OTAppDelegate.m */; };
		7EF97523156F10B60020D400 /* MainMenu.xib in Resources */ = {isa = PBXBuildFile; fileRef = 7EF97521156F10B60020D400 /* MainMenu.xib */; };
		7EF9752B156F10D30020D400 /* OTMouseWarpView.m in Sources */ = {isa = PBXBuildFile; fileRef = 7EF9752A156F10D30020D400 /* OTMouseWarpView.m */; };
/* End PBXBuildFile section */

/* Begin PBXFileReference section */
		7EA6DE441BF433C300E77F40 /* README.rtfd */ = {isa = PBXFileReference; fileEncoding = 4; lastKnownFileType = wrapper.rtfd; path = README.rtfd; sourceTree = "<group>"; };
		7EF97508156F10B60020D400 /* MouseWarpBug.app */ = {isa = PBXFileReference; explicitFileType = wrapper.application; includeInIndex = 0; path = MouseWarpBug.app; sourceTree = BUILT_PRODUCTS_DIR; };
		7EF9750C156F10B60020D400 /* Cocoa.framework */ = {isa = PBXFileReference; lastKnownFileType = wrapper.framework; name = Cocoa.framework; path = System/Library/Frameworks/Cocoa.framework; sourceTree = SDKROOT; };
		7EF9750F156F10B60020D400 /* AppKit.framework */ = {isa = PBXFileReference; lastKnownFileType = wrapper.framework; name = AppKit.framework; path = System/Library/Frameworks/AppKit.framework; sourceTree = SDKROOT; };
		7EF97510156F10B60020D400 /* CoreData.framework */ = {isa = PBXFileReference; lastKnownFileType = wrapper.framework; name = CoreData.framework; path = System/Library/Frameworks/CoreData.framework; sourceTree = SDKROOT; };
		7EF97511156F10B60020D400 /* Foundation.framework */ = {isa = PBXFileReference; lastKnownFileType = wrapper.framework; name = Foundation.framework; path = System/Library/Frameworks/Foundation.framework; sourceTree = SDKROOT; };
		7EF97514156F10B60020D400 /* MouseWarpBug-Info.plist */ = {isa = PBXFileReference; lastKnownFileType = text.plist.xml; path = "MouseWarpBug-Info.plist"; sourceTree = "<group>"; };
		7EF97516156F10B60020D400 /* en */ = {isa = PBXFileReference; lastKnownFileType = text.plist.strings; name = en; path = en.lproj/InfoPlist.strings; sourceTree = "<group>"; };
		7EF97518156F10B60020D400 /* main.m */ = {isa = PBXFileReference; lastKnownFileType = sourcecode.c.objc; path = main.m; sourceTree = "<group>"; };
		7EF9751A156F10B60020D400 /* MouseWarpBug-Prefix.pch */ = {isa = PBXFileReference; lastKnownFileType = sourcecode.c.h; path = "MouseWarpBug-Prefix.pch"; sourceTree = "<group>"; };
		7EF9751C156F10B60020D400 /* en */ = {isa = PBXFileReference; lastKnownFileType = text.rtf; name = en; path = en.lproj/Credits.rtf; sourceTree = "<group>"; };
		7EF9751E156F10B60020D400 /* OTAppDelegate.h */ = {isa = PBXFileReference; lastKnownFileType = sourcecode.c.h; path = OTAppDelegate.h; sourceTree = "<group>"; };
		7EF9751F156F10B60020D400 /* OTAppDelegate.m */ = {isa = PBXFileReference; lastKnownFileType = sourcecode.c.objc; path = OTAppDelegate.m; sourceTree = "<group>"; };
		7EF97522156F10B60020D400 /* en */ = {isa = PBXFileReference; lastKnownFileType = file.xib; name = en; path = en.lproj/MainMenu.xib; sourceTree = "<group>"; };
		7EF97529156F10D30020D400 /* OTMouseWarpView.h */ = {isa = PBXFileReference; fileEncoding = 4; lastKnownFileType = sourcecode.c.h; path = OTMouseWarpView.h; sourceTree = "<group>"; };
		7EF9752A156F10D30020D400 /* OTMouseWarpView.m */ = {isa = PBXFileReference; fileEncoding = 4; lastKnownFileType = sourcecode.c.objc; path = OTMouseWarpView.m; sourceTree = "<group>"; };
/* End PBXFileReference section */

/* Begin PBXFrameworksBuildPhase section */
		7EF97505156F10B60020D400 /* Frameworks */ = {
			isa = PBXFrameworksBuildPhase;
			buildActionMask = 2147483647;
			files = (
				7EF9750D156F10B60020D400 /* Cocoa.framework in Frameworks */,
			);
			runOnlyForDeploymentPostprocessing = 0;
		};
/* End PBXFrameworksBuildPhase section */

/* Begin PBXGroup section */
		7EF974FD156F10B60020D400 = {
			isa = PBXGroup;
			children = (
				7EA6DE441BF433C300E77F40 /* README.rtfd */,
				7EF97512156F10B60020D400 /* MouseWarpBug */,
				7EF9750B156F10B60020D400 /* Frameworks */,
				7EF97509156F10B60020D400 /* Products */,
			);
			sourceTree = "<group>";
		};
		7EF97509156F10B60020D400 /* Products */ = {
			isa = PBXGroup;
			children = (
				7EF97508156F10B60020D400 /* MouseWarpBug.app */,
			);
			name = Products;
			sourceTree = "<group>";
		};
		7EF9750B156F10B60020D400 /* Frameworks */ = {
			isa = PBXGroup;
			children = (
				7EF9750C156F10B60020D400 /* Cocoa.framework */,
				7EF9750E156F10B60020D400 /* Other Frameworks */,
			);
			name = Frameworks;
			sourceTree = "<group>";
		};
		7EF9750E156F10B60020D400 /* Other Frameworks */ = {
			isa = PBXGroup;
			children = (
				7EF9750F156F10B60020D400 /* AppKit.framework */,
				7EF97510156F10B60020D400 /* CoreData.framework */,
				7EF97511156F10B60020D400 /* Foundation.framework */,
			);
			name = "Other Frameworks";
			sourceTree = "<group>";
		};
		7EF97512156F10B60020D400 /* MouseWarpBug */ = {
			isa = PBXGroup;
			children = (
				7EF9751E156F10B60020D400 /* OTAppDelegate.h */,
				7EF9751F156F10B60020D400 /* OTAppDelegate.m */,
				7EF97529156F10D30020D400 /* OTMouseWarpView.h */,
				7EF9752A156F10D30020D400 /* OTMouseWarpView.m */,
				7EF97521156F10B60020D400 /* MainMenu.xib */,
				7EF97513156F10B60020D400 /* Supporting Files */,
			);
			path = MouseWarpBug;
			sourceTree = "<group>";
		};
		7EF97513156F10B60020D400 /* Supporting Files */ = {
			isa = PBXGroup;
			children = (
				7EF97514156F10B60020D400 /* MouseWarpBug-Info.plist */,
				7EF97515156F10B60020D400 /* InfoPlist.strings */,
				7EF97518156F10B60020D400 /* main.m */,
				7EF9751A156F10B60020D400 /* MouseWarpBug-Prefix.pch */,
				7EF9751B156F10B60020D400 /* Credits.rtf */,
			);
			name = "Supporting Files";
			sourceTree = "<group>";
		};
/* End PBXGroup section */

/* Begin PBXNativeTarget section */
		7EF97507156F10B60020D400 /* MouseWarpBug */ = {
			isa = PBXNativeTarget;
			buildConfigurationList = 7EF97526156F10B60020D400 /* Build configuration list for PBXNativeTarget "MouseWarpBug" */;
			buildPhases = (
				7EF97504156F10B60020D400 /* Sources */,
				7EF97505156F10B60020D400 /* Frameworks */,
				7EF97506156F10B60020D400 /* Resources */,
			);
			buildRules = (
			);
			dependencies = (
			);
			name = MouseWarpBug;
			productName = MouseWarpBug;
			productReference = 7EF97508156F10B60020D400 /* MouseWarpBug.app */;
			productType = "com.apple.product-type.application";
		};
/* End PBXNativeTarget section */

/* Begin PBXProject section */
		7EF974FF156F10B60020D400 /* Project object */ = {
			isa = PBXProject;
			attributes = {
				CLASSPREFIX = OT;
				LastUpgradeCheck = 0430;
				ORGANIZATIONNAME = "Orion Transfer Ltd";
			};
			buildConfigurationList = 7EF97502156F10B60020D400 /* Build configuration list for PBXProject "MouseWarpBug" */;
			compatibilityVersion = "Xcode 3.2";
			developmentRegion = English;
			hasScannedForEncodings = 0;
			knownRegions = (
				en,
			);
			mainGroup = 7EF974FD156F10B60020D400;
			productRefGroup = 7EF97509156F10B60020D400 /* Products */;
			projectDirPath = "";
			projectRoot = "";
			targets = (
				7EF97507156F10B60020D400 /* MouseWarpBug */,
			);
		};
/* End PBXProject section */

/* Begin PBXResourcesBuildPhase section */
		7EF97506156F10B60020D400 /* Resources */ = {
			isa = PBXResourcesBuildPhase;
			buildActionMask = 2147483647;
			files = (
				7EF97517156F10B60020D400 /* InfoPlist.strings in Resources */,
				7EF9751D156F10B60020D400 /* Credits.rtf in Resources */,
				7EA6DE451BF433C300E77F40 /* README.rtfd in Resources */,
				7EF97523156F10B60020D400 /* MainMenu.xib in Resources */,
			);
			runOnlyForDeploymentPostprocessing = 0;
		};
/* End PBXResourcesBuildPhase section */

/* Begin PBXSourcesBuildPhase section */
		7EF97504156F10B60020D400 /* Sources */ = {
			isa = PBXSourcesBuildPhase;
			buildActionMask = 2147483647;
			files = (
				7EF97519156F10B60020D400 /* main.m in Sources */,
				7EF97520156F10B60020D400 /* OTAppDelegate.m in Sources */,
				7EF9752B156F10D30020D400 /* OTMouseWarpView.m in Sources */,
			);
			runOnlyForDeploymentPostprocessing = 0;
		};
/* End PBXSourcesBuildPhase section */

/* Begin PBXVariantGroup section */
		7EF97515156F10B60020D400 /* InfoPlist.strings */ = {
			isa = PBXVariantGroup;
			children = (
				7EF97516156F10B60020D400 /* en */,
			);
			name = InfoPlist.strings;
			sourceTree = "<group>";
		};
		7EF9751B156F10B60020D400 /* Credits.rtf */ = {
			isa = PBXVariantGroup;
			children = (
				7EF9751C156F10B60020D400 /* en */,
			);
			name = Credits.rtf;
			sourceTree = "<group>";
		};
		7EF97521156F10B60020D400 /* MainMenu.xib */ = {
			isa = PBXVariantGroup;
			children = (
				7EF97522156F10B60020D400 /* en */,
			);
			name = MainMenu.xib;
			sourceTree = "<group>";
		};
/* End PBXVariantGroup section */

/* Begin XCBuildConfiguration section */
		7EF97524156F10B60020D400 /* Debug */ = {
			isa = XCBuildConfiguration;
			buildSettings = {
				ALWAYS_SEARCH_USER_PATHS = NO;
				ARCHS = "$(ARCHS_STANDARD_64_BIT)";
				CLANG_ENABLE_OBJC_ARC = YES;
				COPY_PHASE_STRIP = NO;
				GCC_C_LANGUAGE_STANDARD = gnu99;
				GCC_DYNAMIC_NO_PIC = NO;
				GCC_ENABLE_OBJC_EXCEPTIONS = YES;
				GCC_OPTIMIZATION_LEVEL = 0;
				GCC_PREPROCESSOR_DEFINITIONS = (
					"DEBUG=1",
					"$(inherited)",
				);
				GCC_SYMBOLS_PRIVATE_EXTERN = NO;
				GCC_VERSION = com.apple.compilers.llvm.clang.1_0;
				GCC_WARN_64_TO_32_BIT_CONVERSION = YES;
				GCC_WARN_ABOUT_RETURN_TYPE = YES;
				GCC_WARN_UNINITIALIZED_AUTOS = YES;
				GCC_WARN_UNUSED_VARIABLE = YES;
				MACOSX_DEPLOYMENT_TARGET = 10.7;
				ONLY_ACTIVE_ARCH = YES;
				SDKROOT = macosx;
			};
			name = Debug;
		};
		7EF97525156F10B60020D400 /* Release */ = {
			isa = XCBuildConfiguration;
			buildSettings = {
				ALWAYS_SEARCH_USER_PATHS = NO;
				ARCHS = "$(ARCHS_STANDARD_64_BIT)";
				CLANG_ENABLE_OBJC_ARC = YES;
				COPY_PHASE_STRIP = YES;
				DEBUG_INFORMATION_FORMAT = "dwarf-with-dsym";
				GCC_C_LANGUAGE_STANDARD = gnu99;
				GCC_ENABLE_OBJC_EXCEPTIONS = YES;
				GCC_VERSION = com.apple.compilers.llvm.clang.1_0;
				GCC_WARN_64_TO_32_BIT_CONVERSION = YES;
				GCC_WARN_ABOUT_RETURN_TYPE = YES;
				GCC_WARN_UNINITIALIZED_AUTOS = YES;
				GCC_WARN_UNUSED_VARIABLE = YES;
				MACOSX_DEPLOYMENT_TARGET = 10.7;
				SDKROOT = macosx;
			};
			name = Release;
		};
		7EF97527156F10B60020D400 /* Debug */ = {
			isa = XCBuildConfiguration;
			buildSettings = {
				GCC_PRECOMPILE_PREFIX_HEADER = YES;
				GCC_PREFIX_HEADER = "MouseWarpBug/MouseWarpBug-Prefix.pch";
				INFOPLIST_FILE = "MouseWarpBug/MouseWarpBug-Info.plist";
				PRODUCT_NAME = "$(TARGET_NAME)";
				WRAPPER_EXTENSION = app;
			};
			name = Debug;
		};
		7EF97528156F10B60020D400 /* Release */ = {
			isa = XCBuildConfiguration;
			buildSettings = {
				GCC_PRECOMPILE_PREFIX_HEADER = YES;
				GCC_PREFIX_HEADER = "MouseWarpBug/MouseWarpBug-Prefix.pch";
				INFOPLIST_FILE = "MouseWarpBug/MouseWarpBug-Info.plist";
				PRODUCT_NAME = "$(TARGET_NAME)";
				WRAPPER_EXTENSION = app;
			};
			name = Release;
		};
/* End XCBuildConfiguration section */

/* Begin XCConfigurationList section */
		7EF97502156F10B60020D400 /* Build configuration list for PBXProject "MouseWarpBug" */ = {
			isa = XCConfigurationList;
			buildConfigurations = (
				7EF97524156F10B60020D400 /* Debug */,
				7EF97525156F10B60020D400 /* Release */,
			);
			defaultConfigurationIsVisible = 0;
			defaultConfigurationName = Release;
		};
		7EF97526156F10B60020D400 /* Build configuration list for PBXNativeTarget "MouseWarpBug" */ = {
			isa = XCConfigurationList;
			buildConfigurations = (
				7EF97527156F10B60020D400 /* Debug */,
				7EF97528156F10B60020D400 /* Release */,
			);
			defaultConfigurationIsVisible = 0;
			defaultConfigurationName = Release;
		};
/* End XCConfigurationList section */
	};
	rootObject = 7EF974FF156F10B60020D400 /* Project object */;
}
